// !$*UTF8*$!
{
	archiveVersion = 1;
	classes = {
	};
	objectVersion = 52;
	objects = {

/* Begin PBXBuildFile section */
		4D2C0D97248E04F900D82944 /* RxHTTPKit.framework in Frameworks */ = {isa = PBXBuildFile; fileRef = 4D2C0D8E248E04F900D82944 /* RxHTTPKit.framework */; };
		4D2C0D9C248E04F900D82944 /* RxHTTPKitTests.swift in Sources */ = {isa = PBXBuildFile; fileRef = 4D2C0D9B248E04F900D82944 /* RxHTTPKitTests.swift */; };
		4D2C0D9E248E04F900D82944 /* RxHTTPKit.h in Headers */ = {isa = PBXBuildFile; fileRef = 4D2C0D90248E04F900D82944 /* RxHTTPKit.h */; settings = {ATTRIBUTES = (Public, ); }; };
		4D2C0DAC248E050E00D82944 /* HTTPKitTests.swift in Sources */ = {isa = PBXBuildFile; fileRef = 4D2C0DAB248E050E00D82944 /* HTTPKitTests.swift */; };
		4D2C0DAE248E050E00D82944 /* HTTPKit.framework in Frameworks */ = {isa = PBXBuildFile; fileRef = 4DD229D323279D9C00F1303E /* HTTPKit.framework */; };
		4D2C0DB5248E051900D82944 /* Single+Response.swift in Sources */ = {isa = PBXBuildFile; fileRef = 4D89793823289E4B0002323E /* Single+Response.swift */; };
		4D2C0DB6248E051900D82944 /* Observable+Response.swift in Sources */ = {isa = PBXBuildFile; fileRef = 4D89793623289E3C0002323E /* Observable+Response.swift */; };
		4D3B503325417E970064B078 /* Alamofire in Frameworks */ = {isa = PBXBuildFile; productRef = 4D3B503225417E970064B078 /* Alamofire */; };
		4D3B503C25417EEA0064B078 /* RxCocoa in Frameworks */ = {isa = PBXBuildFile; productRef = 4D3B503B25417EEA0064B078 /* RxCocoa */; };
		4D3B503E25417EEA0064B078 /* RxRelay in Frameworks */ = {isa = PBXBuildFile; productRef = 4D3B503D25417EEA0064B078 /* RxRelay */; };
		4D3B504025417EEA0064B078 /* RxSwift in Frameworks */ = {isa = PBXBuildFile; productRef = 4D3B503F25417EEA0064B078 /* RxSwift */; };
		4D6F954E24EE6C5100F6D2D2 /* Paginator.swift in Sources */ = {isa = PBXBuildFile; fileRef = 4D6F954124EE6C5100F6D2D2 /* Paginator.swift */; };
		4D6F954F24EE6C5100F6D2D2 /* HTTPLogger.swift in Sources */ = {isa = PBXBuildFile; fileRef = 4D6F954324EE6C5100F6D2D2 /* HTTPLogger.swift */; };
		4D6F955024EE6C5100F6D2D2 /* Plugin.swift in Sources */ = {isa = PBXBuildFile; fileRef = 4D6F954524EE6C5100F6D2D2 /* Plugin.swift */; };
		4D6F955124EE6C5100F6D2D2 /* HTTPClient+Defaults.swift in Sources */ = {isa = PBXBuildFile; fileRef = 4D6F954724EE6C5100F6D2D2 /* HTTPClient+Defaults.swift */; };
		4D6F955224EE6C5100F6D2D2 /* Builder.swift in Sources */ = {isa = PBXBuildFile; fileRef = 4D6F954824EE6C5100F6D2D2 /* Builder.swift */; };
		4D6F955324EE6C5100F6D2D2 /* HTTPClient.swift in Sources */ = {isa = PBXBuildFile; fileRef = 4D6F954924EE6C5100F6D2D2 /* HTTPClient.swift */; };
		4D6F955424EE6C5100F6D2D2 /* Response.swift in Sources */ = {isa = PBXBuildFile; fileRef = 4D6F954A24EE6C5100F6D2D2 /* Response.swift */; };
		4D6F955524EE6C5100F6D2D2 /* HTTPError.swift in Sources */ = {isa = PBXBuildFile; fileRef = 4D6F954B24EE6C5100F6D2D2 /* HTTPError.swift */; };
		4D6F955624EE6C5100F6D2D2 /* HTTPClient+Alamofire.swift in Sources */ = {isa = PBXBuildFile; fileRef = 4D6F954C24EE6C5100F6D2D2 /* HTTPClient+Alamofire.swift */; };
		4D6F955724EE6C5100F6D2D2 /* Task.swift in Sources */ = {isa = PBXBuildFile; fileRef = 4D6F954D24EE6C5100F6D2D2 /* Task.swift */; };
		4D6F955924EE6CD500F6D2D2 /* HTTPClient+Rx.swift in Sources */ = {isa = PBXBuildFile; fileRef = 4D6F955824EE6CD500F6D2D2 /* HTTPClient+Rx.swift */; };
		4D6F956424EE6E2200F6D2D2 /* MultipartFormData.swift in Sources */ = {isa = PBXBuildFile; fileRef = 4D6F955E24EE6E2200F6D2D2 /* MultipartFormData.swift */; };
		4D6F956524EE6E2200F6D2D2 /* ValidationType.swift in Sources */ = {isa = PBXBuildFile; fileRef = 4D6F955F24EE6E2200F6D2D2 /* ValidationType.swift */; };
		4D6F956624EE6E2200F6D2D2 /* Parameters.swift in Sources */ = {isa = PBXBuildFile; fileRef = 4D6F956024EE6E2200F6D2D2 /* Parameters.swift */; };
		4D6F956724EE6E2200F6D2D2 /* ApiManager.swift in Sources */ = {isa = PBXBuildFile; fileRef = 4D6F956124EE6E2200F6D2D2 /* ApiManager.swift */; };
		4D6F956824EE6E2200F6D2D2 /* Content.swift in Sources */ = {isa = PBXBuildFile; fileRef = 4D6F956224EE6E2200F6D2D2 /* Content.swift */; };
		4D6F956924EE6E2200F6D2D2 /* Route.swift in Sources */ = {isa = PBXBuildFile; fileRef = 4D6F956324EE6E2200F6D2D2 /* Route.swift */; };
		4D6F956D24EE6F7B00F6D2D2 /* HTTPKit.framework in Frameworks */ = {isa = PBXBuildFile; fileRef = 4DD229D323279D9C00F1303E /* HTTPKit.framework */; };
		4D6F956E24EE6F7B00F6D2D2 /* HTTPKit.framework in Embed Frameworks */ = {isa = PBXBuildFile; fileRef = 4DD229D323279D9C00F1303E /* HTTPKit.framework */; settings = {ATTRIBUTES = (CodeSignOnCopy, RemoveHeadersOnCopy, ); }; };
		4DD229E423279D9C00F1303E /* HTTPKit.h in Headers */ = {isa = PBXBuildFile; fileRef = 4DD229D623279D9C00F1303E /* HTTPKit.h */; settings = {ATTRIBUTES = (Public, ); }; };
		4DF9E56A23D59D7800F8F507 /* README.md in Resources */ = {isa = PBXBuildFile; fileRef = 4DF9E56923D59D7800F8F507 /* README.md */; };
/* End PBXBuildFile section */

/* Begin PBXContainerItemProxy section */
		4D2C0D98248E04F900D82944 /* PBXContainerItemProxy */ = {
			isa = PBXContainerItemProxy;
			containerPortal = 4DD229CA23279D9C00F1303E /* Project object */;
			proxyType = 1;
			remoteGlobalIDString = 4D2C0D8D248E04F900D82944;
			remoteInfo = RxHTTPKit;
		};
		4D2C0DAF248E050E00D82944 /* PBXContainerItemProxy */ = {
			isa = PBXContainerItemProxy;
			containerPortal = 4DD229CA23279D9C00F1303E /* Project object */;
			proxyType = 1;
			remoteGlobalIDString = 4DD229D223279D9C00F1303E;
			remoteInfo = HTTPKit;
		};
		4D6F956F24EE6F7B00F6D2D2 /* PBXContainerItemProxy */ = {
			isa = PBXContainerItemProxy;
			containerPortal = 4DD229CA23279D9C00F1303E /* Project object */;
			proxyType = 1;
			remoteGlobalIDString = 4DD229D223279D9C00F1303E;
			remoteInfo = HTTPKit;
		};
/* End PBXContainerItemProxy section */

/* Begin PBXCopyFilesBuildPhase section */
		4D6F956C24EE6F6A00F6D2D2 /* Embed Frameworks */ = {
			isa = PBXCopyFilesBuildPhase;
			buildActionMask = 2147483647;
			dstPath = "";
			dstSubfolderSpec = 10;
			files = (
				4D6F956E24EE6F7B00F6D2D2 /* HTTPKit.framework in Embed Frameworks */,
			);
			name = "Embed Frameworks";
			runOnlyForDeploymentPostprocessing = 0;
		};
/* End PBXCopyFilesBuildPhase section */

/* Begin PBXFileReference section */
		4D2C0D8E248E04F900D82944 /* RxHTTPKit.framework */ = {isa = PBXFileReference; explicitFileType = wrapper.framework; includeInIndex = 0; path = RxHTTPKit.framework; sourceTree = BUILT_PRODUCTS_DIR; };
		4D2C0D90248E04F900D82944 /* RxHTTPKit.h */ = {isa = PBXFileReference; lastKnownFileType = sourcecode.c.h; path = RxHTTPKit.h; sourceTree = "<group>"; };
		4D2C0D91248E04F900D82944 /* Info.plist */ = {isa = PBXFileReference; lastKnownFileType = text.plist.xml; path = Info.plist; sourceTree = "<group>"; };
		4D2C0D96248E04F900D82944 /* RxHTTPKitTests.xctest */ = {isa = PBXFileReference; explicitFileType = wrapper.cfbundle; includeInIndex = 0; path = RxHTTPKitTests.xctest; sourceTree = BUILT_PRODUCTS_DIR; };
		4D2C0D9B248E04F900D82944 /* RxHTTPKitTests.swift */ = {isa = PBXFileReference; lastKnownFileType = sourcecode.swift; path = RxHTTPKitTests.swift; sourceTree = "<group>"; };
		4D2C0D9D248E04F900D82944 /* Info.plist */ = {isa = PBXFileReference; lastKnownFileType = text.plist.xml; path = Info.plist; sourceTree = "<group>"; };
		4D2C0DA9248E050E00D82944 /* HTTPKitTests.xctest */ = {isa = PBXFileReference; explicitFileType = wrapper.cfbundle; includeInIndex = 0; path = HTTPKitTests.xctest; sourceTree = BUILT_PRODUCTS_DIR; };
		4D2C0DAB248E050E00D82944 /* HTTPKitTests.swift */ = {isa = PBXFileReference; lastKnownFileType = sourcecode.swift; path = HTTPKitTests.swift; sourceTree = "<group>"; };
		4D2C0DAD248E050E00D82944 /* Info.plist */ = {isa = PBXFileReference; lastKnownFileType = text.plist.xml; path = Info.plist; sourceTree = "<group>"; };
		4D6F954124EE6C5100F6D2D2 /* Paginator.swift */ = {isa = PBXFileReference; fileEncoding = 4; lastKnownFileType = sourcecode.swift; path = Paginator.swift; sourceTree = "<group>"; };
		4D6F954324EE6C5100F6D2D2 /* HTTPLogger.swift */ = {isa = PBXFileReference; fileEncoding = 4; lastKnownFileType = sourcecode.swift; path = HTTPLogger.swift; sourceTree = "<group>"; };
		4D6F954524EE6C5100F6D2D2 /* Plugin.swift */ = {isa = PBXFileReference; fileEncoding = 4; lastKnownFileType = sourcecode.swift; path = Plugin.swift; sourceTree = "<group>"; };
		4D6F954724EE6C5100F6D2D2 /* HTTPClient+Defaults.swift */ = {isa = PBXFileReference; fileEncoding = 4; lastKnownFileType = sourcecode.swift; path = "HTTPClient+Defaults.swift"; sourceTree = "<group>"; };
		4D6F954824EE6C5100F6D2D2 /* Builder.swift */ = {isa = PBXFileReference; fileEncoding = 4; lastKnownFileType = sourcecode.swift; path = Builder.swift; sourceTree = "<group>"; };
		4D6F954924EE6C5100F6D2D2 /* HTTPClient.swift */ = {isa = PBXFileReference; fileEncoding = 4; lastKnownFileType = sourcecode.swift; path = HTTPClient.swift; sourceTree = "<group>"; };
		4D6F954A24EE6C5100F6D2D2 /* Response.swift */ = {isa = PBXFileReference; fileEncoding = 4; lastKnownFileType = sourcecode.swift; path = Response.swift; sourceTree = "<group>"; };
		4D6F954B24EE6C5100F6D2D2 /* HTTPError.swift */ = {isa = PBXFileReference; fileEncoding = 4; lastKnownFileType = sourcecode.swift; path = HTTPError.swift; sourceTree = "<group>"; };
		4D6F954C24EE6C5100F6D2D2 /* HTTPClient+Alamofire.swift */ = {isa = PBXFileReference; fileEncoding = 4; lastKnownFileType = sourcecode.swift; path = "HTTPClient+Alamofire.swift"; sourceTree = "<group>"; };
		4D6F954D24EE6C5100F6D2D2 /* Task.swift */ = {isa = PBXFileReference; fileEncoding = 4; lastKnownFileType = sourcecode.swift; path = Task.swift; sourceTree = "<group>"; };
		4D6F955824EE6CD500F6D2D2 /* HTTPClient+Rx.swift */ = {isa = PBXFileReference; fileEncoding = 4; lastKnownFileType = sourcecode.swift; path = "HTTPClient+Rx.swift"; sourceTree = "<group>"; };
		4D6F955E24EE6E2200F6D2D2 /* MultipartFormData.swift */ = {isa = PBXFileReference; fileEncoding = 4; lastKnownFileType = sourcecode.swift; path = MultipartFormData.swift; sourceTree = "<group>"; };
		4D6F955F24EE6E2200F6D2D2 /* ValidationType.swift */ = {isa = PBXFileReference; fileEncoding = 4; lastKnownFileType = sourcecode.swift; path = ValidationType.swift; sourceTree = "<group>"; };
		4D6F956024EE6E2200F6D2D2 /* Parameters.swift */ = {isa = PBXFileReference; fileEncoding = 4; lastKnownFileType = sourcecode.swift; path = Parameters.swift; sourceTree = "<group>"; };
		4D6F956124EE6E2200F6D2D2 /* ApiManager.swift */ = {isa = PBXFileReference; fileEncoding = 4; lastKnownFileType = sourcecode.swift; path = ApiManager.swift; sourceTree = "<group>"; };
		4D6F956224EE6E2200F6D2D2 /* Content.swift */ = {isa = PBXFileReference; fileEncoding = 4; lastKnownFileType = sourcecode.swift; path = Content.swift; sourceTree = "<group>"; };
		4D6F956324EE6E2200F6D2D2 /* Route.swift */ = {isa = PBXFileReference; fileEncoding = 4; lastKnownFileType = sourcecode.swift; path = Route.swift; sourceTree = "<group>"; };
		4D8397E7232A951E005C7CE8 /* HTTPKit.swift.podspec */ = {isa = PBXFileReference; fileEncoding = 4; lastKnownFileType = text; path = HTTPKit.swift.podspec; sourceTree = "<group>"; xcLanguageSpecificationIdentifier = xcode.lang.ruby; };
		4D89793623289E3C0002323E /* Observable+Response.swift */ = {isa = PBXFileReference; lastKnownFileType = sourcecode.swift; path = "Observable+Response.swift"; sourceTree = "<group>"; };
		4D89793823289E4B0002323E /* Single+Response.swift */ = {isa = PBXFileReference; lastKnownFileType = sourcecode.swift; path = "Single+Response.swift"; sourceTree = "<group>"; };
		4DCE97AA23349A5000A28338 /* Alamofire.framework */ = {isa = PBXFileReference; lastKnownFileType = wrapper.framework; name = Alamofire.framework; path = Carthage/Build/iOS/Alamofire.framework; sourceTree = "<group>"; };
		4DCE97B92334A1CB00A28338 /* RxSwift.framework */ = {isa = PBXFileReference; lastKnownFileType = wrapper.framework; name = RxSwift.framework; path = Carthage/Build/iOS/RxSwift.framework; sourceTree = "<group>"; };
		4DCE97BD2334A1ED00A28338 /* HandyJSON.framework */ = {isa = PBXFileReference; lastKnownFileType = wrapper.framework; name = HandyJSON.framework; path = Carthage/Build/iOS/HandyJSON.framework; sourceTree = "<group>"; };
		4DCE97C12334A1FE00A28338 /* SwiftyJSON.framework */ = {isa = PBXFileReference; lastKnownFileType = wrapper.framework; name = SwiftyJSON.framework; path = Carthage/Build/iOS/SwiftyJSON.framework; sourceTree = "<group>"; };
		4DD229D323279D9C00F1303E /* HTTPKit.framework */ = {isa = PBXFileReference; explicitFileType = wrapper.framework; includeInIndex = 0; path = HTTPKit.framework; sourceTree = BUILT_PRODUCTS_DIR; };
		4DD229D623279D9C00F1303E /* HTTPKit.h */ = {isa = PBXFileReference; lastKnownFileType = sourcecode.c.h; path = HTTPKit.h; sourceTree = "<group>"; };
		4DD229D723279D9C00F1303E /* Info.plist */ = {isa = PBXFileReference; lastKnownFileType = text.plist.xml; path = Info.plist; sourceTree = "<group>"; };
		4DF9E56923D59D7800F8F507 /* README.md */ = {isa = PBXFileReference; fileEncoding = 4; lastKnownFileType = net.daringfireball.markdown; path = README.md; sourceTree = "<group>"; };
/* End PBXFileReference section */

/* Begin PBXFrameworksBuildPhase section */
		4D2C0D8B248E04F900D82944 /* Frameworks */ = {
			isa = PBXFrameworksBuildPhase;
			buildActionMask = 2147483647;
			files = (
				4D3B503E25417EEA0064B078 /* RxRelay in Frameworks */,
				4D3B503C25417EEA0064B078 /* RxCocoa in Frameworks */,
				4D3B504025417EEA0064B078 /* RxSwift in Frameworks */,
				4D6F956D24EE6F7B00F6D2D2 /* HTTPKit.framework in Frameworks */,
			);
			runOnlyForDeploymentPostprocessing = 0;
		};
		4D2C0D93248E04F900D82944 /* Frameworks */ = {
			isa = PBXFrameworksBuildPhase;
			buildActionMask = 2147483647;
			files = (
				4D2C0D97248E04F900D82944 /* RxHTTPKit.framework in Frameworks */,
			);
			runOnlyForDeploymentPostprocessing = 0;
		};
		4D2C0DA6248E050E00D82944 /* Frameworks */ = {
			isa = PBXFrameworksBuildPhase;
			buildActionMask = 2147483647;
			files = (
				4D2C0DAE248E050E00D82944 /* HTTPKit.framework in Frameworks */,
			);
			runOnlyForDeploymentPostprocessing = 0;
		};
		4DD229D023279D9C00F1303E /* Frameworks */ = {
			isa = PBXFrameworksBuildPhase;
			buildActionMask = 2147483647;
			files = (
				4D3B503325417E970064B078 /* Alamofire in Frameworks */,
			);
			runOnlyForDeploymentPostprocessing = 0;
		};
/* End PBXFrameworksBuildPhase section */

/* Begin PBXGroup section */
		4D2C0D8F248E04F900D82944 /* RxHTTPKit */ = {
			isa = PBXGroup;
			children = (
				4D2C0D90248E04F900D82944 /* RxHTTPKit.h */,
				4D2C0D91248E04F900D82944 /* Info.plist */,
				4D6F955824EE6CD500F6D2D2 /* HTTPClient+Rx.swift */,
				4D89793623289E3C0002323E /* Observable+Response.swift */,
				4D89793823289E4B0002323E /* Single+Response.swift */,
			);
			path = RxHTTPKit;
			sourceTree = "<group>";
		};
		4D2C0D9A248E04F900D82944 /* RxHTTPKitTests */ = {
			isa = PBXGroup;
			children = (
				4D2C0D9B248E04F900D82944 /* RxHTTPKitTests.swift */,
				4D2C0D9D248E04F900D82944 /* Info.plist */,
			);
			path = RxHTTPKitTests;
			sourceTree = "<group>";
		};
		4D2C0DAA248E050E00D82944 /* HTTPKitTests */ = {
			isa = PBXGroup;
			children = (
				4D2C0DAB248E050E00D82944 /* HTTPKitTests.swift */,
				4D2C0DAD248E050E00D82944 /* Info.plist */,
			);
			path = HTTPKitTests;
			sourceTree = "<group>";
		};
		4D6F954024EE6C5100F6D2D2 /* Paginator */ = {
			isa = PBXGroup;
			children = (
				4D6F954124EE6C5100F6D2D2 /* Paginator.swift */,
			);
			path = Paginator;
			sourceTree = "<group>";
		};
		4D6F954224EE6C5100F6D2D2 /* Logger */ = {
			isa = PBXGroup;
			children = (
				4D6F954324EE6C5100F6D2D2 /* HTTPLogger.swift */,
			);
			path = Logger;
			sourceTree = "<group>";
		};
		4D6F954424EE6C5100F6D2D2 /* Plugin */ = {
			isa = PBXGroup;
			children = (
				4D6F954524EE6C5100F6D2D2 /* Plugin.swift */,
			);
			path = Plugin;
			sourceTree = "<group>";
		};
		4D6F954624EE6C5100F6D2D2 /* Client */ = {
			isa = PBXGroup;
			children = (
				4D6F954924EE6C5100F6D2D2 /* HTTPClient.swift */,
				4D6F954724EE6C5100F6D2D2 /* HTTPClient+Defaults.swift */,
				4D6F954C24EE6C5100F6D2D2 /* HTTPClient+Alamofire.swift */,
				4D6F954824EE6C5100F6D2D2 /* Builder.swift */,
				4D6F954A24EE6C5100F6D2D2 /* Response.swift */,
				4D6F954B24EE6C5100F6D2D2 /* HTTPError.swift */,
				4D6F954D24EE6C5100F6D2D2 /* Task.swift */,
			);
			path = Client;
			sourceTree = "<group>";
		};
		4D6F955D24EE6E2200F6D2D2 /* ApiManager */ = {
			isa = PBXGroup;
			children = (
				4D6F955E24EE6E2200F6D2D2 /* MultipartFormData.swift */,
				4D6F955F24EE6E2200F6D2D2 /* ValidationType.swift */,
				4D6F956024EE6E2200F6D2D2 /* Parameters.swift */,
				4D6F956124EE6E2200F6D2D2 /* ApiManager.swift */,
				4D6F956224EE6E2200F6D2D2 /* Content.swift */,
				4D6F956324EE6E2200F6D2D2 /* Route.swift */,
			);
			path = ApiManager;
			sourceTree = "<group>";
		};
		4D8397E6232A9504005C7CE8 /* Support */ = {
			isa = PBXGroup;
			children = (
				4DF9E56923D59D7800F8F507 /* README.md */,
				4D8397E7232A951E005C7CE8 /* HTTPKit.swift.podspec */,
			);
			name = Support;
			sourceTree = "<group>";
		};
		4DD229C923279D9C00F1303E = {
			isa = PBXGroup;
			children = (
				4D8397E6232A9504005C7CE8 /* Support */,
				4DD229D523279D9C00F1303E /* HTTPKit */,
				4D2C0DAA248E050E00D82944 /* HTTPKitTests */,
				4D2C0D8F248E04F900D82944 /* RxHTTPKit */,
				4D2C0D9A248E04F900D82944 /* RxHTTPKitTests */,
				4DD229D423279D9C00F1303E /* Products */,
				4DD22A832327A7B400F1303E /* Frameworks */,
			);
			sourceTree = "<group>";
		};
		4DD229D423279D9C00F1303E /* Products */ = {
			isa = PBXGroup;
			children = (
				4DD229D323279D9C00F1303E /* HTTPKit.framework */,
				4D2C0D8E248E04F900D82944 /* RxHTTPKit.framework */,
				4D2C0D96248E04F900D82944 /* RxHTTPKitTests.xctest */,
				4D2C0DA9248E050E00D82944 /* HTTPKitTests.xctest */,
			);
			name = Products;
			sourceTree = "<group>";
		};
		4DD229D523279D9C00F1303E /* HTTPKit */ = {
			isa = PBXGroup;
			children = (
				4D6F955D24EE6E2200F6D2D2 /* ApiManager */,
				4D6F954624EE6C5100F6D2D2 /* Client */,
				4D6F954024EE6C5100F6D2D2 /* Paginator */,
				4D6F954424EE6C5100F6D2D2 /* Plugin */,
				4D6F954224EE6C5100F6D2D2 /* Logger */,
				4DD229D623279D9C00F1303E /* HTTPKit.h */,
				4DD229D723279D9C00F1303E /* Info.plist */,
			);
			path = HTTPKit;
			sourceTree = "<group>";
		};
		4DD22A832327A7B400F1303E /* Frameworks */ = {
			isa = PBXGroup;
			children = (
				4DCE97C12334A1FE00A28338 /* SwiftyJSON.framework */,
				4DCE97BD2334A1ED00A28338 /* HandyJSON.framework */,
				4DCE97B92334A1CB00A28338 /* RxSwift.framework */,
				4DCE97AA23349A5000A28338 /* Alamofire.framework */,
			);
			name = Frameworks;
			sourceTree = "<group>";
		};
/* End PBXGroup section */

/* Begin PBXHeadersBuildPhase section */
		4D2C0D89248E04F900D82944 /* Headers */ = {
			isa = PBXHeadersBuildPhase;
			buildActionMask = 2147483647;
			files = (
				4D2C0D9E248E04F900D82944 /* RxHTTPKit.h in Headers */,
			);
			runOnlyForDeploymentPostprocessing = 0;
		};
		4DD229CE23279D9C00F1303E /* Headers */ = {
			isa = PBXHeadersBuildPhase;
			buildActionMask = 2147483647;
			files = (
				4DD229E423279D9C00F1303E /* HTTPKit.h in Headers */,
			);
			runOnlyForDeploymentPostprocessing = 0;
		};
/* End PBXHeadersBuildPhase section */

/* Begin PBXNativeTarget section */
		4D2C0D8D248E04F900D82944 /* RxHTTPKit */ = {
			isa = PBXNativeTarget;
			buildConfigurationList = 4D2C0DA3248E04F900D82944 /* Build configuration list for PBXNativeTarget "RxHTTPKit" */;
			buildPhases = (
				4D2C0D89248E04F900D82944 /* Headers */,
				4D2C0D8A248E04F900D82944 /* Sources */,
				4D2C0D8B248E04F900D82944 /* Frameworks */,
				4D2C0D8C248E04F900D82944 /* Resources */,
				4D6F956C24EE6F6A00F6D2D2 /* Embed Frameworks */,
			);
			buildRules = (
			);
			dependencies = (
				4D6F957024EE6F7B00F6D2D2 /* PBXTargetDependency */,
			);
			name = RxHTTPKit;
			packageProductDependencies = (
				4D3B503B25417EEA0064B078 /* RxCocoa */,
				4D3B503D25417EEA0064B078 /* RxRelay */,
				4D3B503F25417EEA0064B078 /* RxSwift */,
			);
			productName = RxHTTPKit;
			productReference = 4D2C0D8E248E04F900D82944 /* RxHTTPKit.framework */;
			productType = "com.apple.product-type.framework";
		};
		4D2C0D95248E04F900D82944 /* RxHTTPKitTests */ = {
			isa = PBXNativeTarget;
			buildConfigurationList = 4D2C0DA4248E04F900D82944 /* Build configuration list for PBXNativeTarget "RxHTTPKitTests" */;
			buildPhases = (
				4D2C0D92248E04F900D82944 /* Sources */,
				4D2C0D93248E04F900D82944 /* Frameworks */,
				4D2C0D94248E04F900D82944 /* Resources */,
			);
			buildRules = (
			);
			dependencies = (
				4D2C0D99248E04F900D82944 /* PBXTargetDependency */,
			);
			name = RxHTTPKitTests;
			productName = RxHTTPKitTests;
			productReference = 4D2C0D96248E04F900D82944 /* RxHTTPKitTests.xctest */;
			productType = "com.apple.product-type.bundle.unit-test";
		};
		4D2C0DA8248E050E00D82944 /* HTTPKitTests */ = {
			isa = PBXNativeTarget;
			buildConfigurationList = 4D2C0DB1248E050E00D82944 /* Build configuration list for PBXNativeTarget "HTTPKitTests" */;
			buildPhases = (
				4D2C0DA5248E050E00D82944 /* Sources */,
				4D2C0DA6248E050E00D82944 /* Frameworks */,
				4D2C0DA7248E050E00D82944 /* Resources */,
			);
			buildRules = (
			);
			dependencies = (
				4D2C0DB0248E050E00D82944 /* PBXTargetDependency */,
			);
			name = HTTPKitTests;
			productName = HTTPKitTests;
			productReference = 4D2C0DA9248E050E00D82944 /* HTTPKitTests.xctest */;
			productType = "com.apple.product-type.bundle.unit-test";
		};
		4DD229D223279D9C00F1303E /* HTTPKit */ = {
			isa = PBXNativeTarget;
			buildConfigurationList = 4DD229E723279D9C00F1303E /* Build configuration list for PBXNativeTarget "HTTPKit" */;
			buildPhases = (
				4DD229CE23279D9C00F1303E /* Headers */,
				4DD229CF23279D9C00F1303E /* Sources */,
				4DD229D023279D9C00F1303E /* Frameworks */,
				4DD229D123279D9C00F1303E /* Resources */,
				4D897900232880790002323E /* swiftlint */,
				4DCE97AC23349A5A00A28338 /* carthage */,
			);
			buildRules = (
			);
			dependencies = (
			);
			name = HTTPKit;
			packageProductDependencies = (
				4D3B503225417E970064B078 /* Alamofire */,
			);
			productName = HTTPKit;
			productReference = 4DD229D323279D9C00F1303E /* HTTPKit.framework */;
			productType = "com.apple.product-type.framework";
		};
/* End PBXNativeTarget section */

/* Begin PBXProject section */
		4DD229CA23279D9C00F1303E /* Project object */ = {
			isa = PBXProject;
			attributes = {
				LastSwiftUpdateCheck = 1150;
				LastUpgradeCheck = 1210;
				ORGANIZATIONNAME = zevwings;
				TargetAttributes = {
					4D2C0D8D248E04F900D82944 = {
						CreatedOnToolsVersion = 11.5;
					};
					4D2C0D95248E04F900D82944 = {
						CreatedOnToolsVersion = 11.5;
					};
					4D2C0DA8248E050E00D82944 = {
						CreatedOnToolsVersion = 11.5;
					};
					4DD229D223279D9C00F1303E = {
						CreatedOnToolsVersion = 10.3;
					};
				};
			};
			buildConfigurationList = 4DD229CD23279D9C00F1303E /* Build configuration list for PBXProject "HTTPKit" */;
			compatibilityVersion = "Xcode 9.3";
			developmentRegion = en;
			hasScannedForEncodings = 0;
			knownRegions = (
				en,
				Base,
			);
			mainGroup = 4DD229C923279D9C00F1303E;
			packageReferences = (
				4D3B503125417E970064B078 /* XCRemoteSwiftPackageReference "Alamofire" */,
				4D3B503A25417EEA0064B078 /* XCRemoteSwiftPackageReference "RxSwift" */,
			);
			productRefGroup = 4DD229D423279D9C00F1303E /* Products */;
			projectDirPath = "";
			projectRoot = "";
			targets = (
				4DD229D223279D9C00F1303E /* HTTPKit */,
				4D2C0D8D248E04F900D82944 /* RxHTTPKit */,
				4D2C0D95248E04F900D82944 /* RxHTTPKitTests */,
				4D2C0DA8248E050E00D82944 /* HTTPKitTests */,
			);
		};
/* End PBXProject section */

/* Begin PBXResourcesBuildPhase section */
		4D2C0D8C248E04F900D82944 /* Resources */ = {
			isa = PBXResourcesBuildPhase;
			buildActionMask = 2147483647;
			files = (
			);
			runOnlyForDeploymentPostprocessing = 0;
		};
		4D2C0D94248E04F900D82944 /* Resources */ = {
			isa = PBXResourcesBuildPhase;
			buildActionMask = 2147483647;
			files = (
			);
			runOnlyForDeploymentPostprocessing = 0;
		};
		4D2C0DA7248E050E00D82944 /* Resources */ = {
			isa = PBXResourcesBuildPhase;
			buildActionMask = 2147483647;
			files = (
			);
			runOnlyForDeploymentPostprocessing = 0;
		};
		4DD229D123279D9C00F1303E /* Resources */ = {
			isa = PBXResourcesBuildPhase;
			buildActionMask = 2147483647;
			files = (
				4DF9E56A23D59D7800F8F507 /* README.md in Resources */,
			);
			runOnlyForDeploymentPostprocessing = 0;
		};
/* End PBXResourcesBuildPhase section */

/* Begin PBXShellScriptBuildPhase section */
		4D897900232880790002323E /* swiftlint */ = {
			isa = PBXShellScriptBuildPhase;
			buildActionMask = 2147483647;
			files = (
			);
			inputFileListPaths = (
			);
			inputPaths = (
			);
			name = swiftlint;
			outputFileListPaths = (
			);
			outputPaths = (
			);
			runOnlyForDeploymentPostprocessing = 0;
			shellPath = /bin/sh;
			shellScript = "if [ \"${CONFIGURATION}\" = \"Debug\" ]; then\n    if which swiftlint > /dev/null; then\n        swiftlint\n    else\n        echo \"warning: SwiftLint not installed, download from https://github.com/realm/SwiftLint to lint!\"\n    fi\nfi\n";
		};
		4DCE97AC23349A5A00A28338 /* carthage */ = {
			isa = PBXShellScriptBuildPhase;
			buildActionMask = 2147483647;
			files = (
			);
			inputFileListPaths = (
			);
			inputPaths = (
			);
			name = carthage;
			outputFileListPaths = (
			);
			outputPaths = (
			);
			runOnlyForDeploymentPostprocessing = 0;
			shellPath = /bin/sh;
			shellScript = "/usr/local/bin/carthage copy-frameworks\n";
		};
/* End PBXShellScriptBuildPhase section */

/* Begin PBXSourcesBuildPhase section */
		4D2C0D8A248E04F900D82944 /* Sources */ = {
			isa = PBXSourcesBuildPhase;
			buildActionMask = 2147483647;
			files = (
				4D2C0DB5248E051900D82944 /* Single+Response.swift in Sources */,
				4D6F955924EE6CD500F6D2D2 /* HTTPClient+Rx.swift in Sources */,
				4D2C0DB6248E051900D82944 /* Observable+Response.swift in Sources */,
			);
			runOnlyForDeploymentPostprocessing = 0;
		};
		4D2C0D92248E04F900D82944 /* Sources */ = {
			isa = PBXSourcesBuildPhase;
			buildActionMask = 2147483647;
			files = (
				4D2C0D9C248E04F900D82944 /* RxHTTPKitTests.swift in Sources */,
			);
			runOnlyForDeploymentPostprocessing = 0;
		};
		4D2C0DA5248E050E00D82944 /* Sources */ = {
			isa = PBXSourcesBuildPhase;
			buildActionMask = 2147483647;
			files = (
				4D2C0DAC248E050E00D82944 /* HTTPKitTests.swift in Sources */,
			);
			runOnlyForDeploymentPostprocessing = 0;
		};
		4DD229CF23279D9C00F1303E /* Sources */ = {
			isa = PBXSourcesBuildPhase;
			buildActionMask = 2147483647;
			files = (
				4D6F955024EE6C5100F6D2D2 /* Plugin.swift in Sources */,
				4D6F954E24EE6C5100F6D2D2 /* Paginator.swift in Sources */,
				4D6F956624EE6E2200F6D2D2 /* Parameters.swift in Sources */,
				4D6F955724EE6C5100F6D2D2 /* Task.swift in Sources */,
				4D6F955124EE6C5100F6D2D2 /* HTTPClient+Defaults.swift in Sources */,
				4D6F956924EE6E2200F6D2D2 /* Route.swift in Sources */,
				4D6F956524EE6E2200F6D2D2 /* ValidationType.swift in Sources */,
				4D6F954F24EE6C5100F6D2D2 /* HTTPLogger.swift in Sources */,
				4D6F956424EE6E2200F6D2D2 /* MultipartFormData.swift in Sources */,
				4D6F956824EE6E2200F6D2D2 /* Content.swift in Sources */,
				4D6F955524EE6C5100F6D2D2 /* HTTPError.swift in Sources */,
				4D6F955324EE6C5100F6D2D2 /* HTTPClient.swift in Sources */,
				4D6F956724EE6E2200F6D2D2 /* ApiManager.swift in Sources */,
				4D6F955224EE6C5100F6D2D2 /* Builder.swift in Sources */,
				4D6F955424EE6C5100F6D2D2 /* Response.swift in Sources */,
				4D6F955624EE6C5100F6D2D2 /* HTTPClient+Alamofire.swift in Sources */,
			);
			runOnlyForDeploymentPostprocessing = 0;
		};
/* End PBXSourcesBuildPhase section */

/* Begin PBXTargetDependency section */
		4D2C0D99248E04F900D82944 /* PBXTargetDependency */ = {
			isa = PBXTargetDependency;
			target = 4D2C0D8D248E04F900D82944 /* RxHTTPKit */;
			targetProxy = 4D2C0D98248E04F900D82944 /* PBXContainerItemProxy */;
		};
		4D2C0DB0248E050E00D82944 /* PBXTargetDependency */ = {
			isa = PBXTargetDependency;
			target = 4DD229D223279D9C00F1303E /* HTTPKit */;
			targetProxy = 4D2C0DAF248E050E00D82944 /* PBXContainerItemProxy */;
		};
		4D6F957024EE6F7B00F6D2D2 /* PBXTargetDependency */ = {
			isa = PBXTargetDependency;
			target = 4DD229D223279D9C00F1303E /* HTTPKit */;
			targetProxy = 4D6F956F24EE6F7B00F6D2D2 /* PBXContainerItemProxy */;
		};
/* End PBXTargetDependency section */

/* Begin XCBuildConfiguration section */
		4D2C0D9F248E04F900D82944 /* Debug */ = {
			isa = XCBuildConfiguration;
			buildSettings = {
				CODE_SIGN_STYLE = Automatic;
				DEFINES_MODULE = YES;
				DEVELOPMENT_TEAM = DDWF823A49;
				DYLIB_COMPATIBILITY_VERSION = 1;
				DYLIB_CURRENT_VERSION = 1;
				DYLIB_INSTALL_NAME_BASE = "@rpath";
				FRAMEWORK_SEARCH_PATHS = (
					"$(inherited)",
					"$(PROJECT_DIR)/Carthage/Build/iOS",
				);
				INFOPLIST_FILE = RxHTTPKit/Info.plist;
				INSTALL_PATH = "$(LOCAL_LIBRARY_DIR)/Frameworks";
				IPHONEOS_DEPLOYMENT_TARGET = 12.0;
				LD_RUNPATH_SEARCH_PATHS = (
					"$(inherited)",
					"@executable_path/Frameworks",
					"@loader_path/Frameworks",
				);
				PRODUCT_BUNDLE_IDENTIFIER = com.zevwings.RxHTTPKit;
				PRODUCT_NAME = "$(TARGET_NAME:c99extidentifier)";
				SKIP_INSTALL = YES;
				SWIFT_VERSION = 5.0;
				TARGETED_DEVICE_FAMILY = "1,2";
			};
			name = Debug;
		};
		4D2C0DA0248E04F900D82944 /* Release */ = {
			isa = XCBuildConfiguration;
			buildSettings = {
				CODE_SIGN_STYLE = Automatic;
				DEFINES_MODULE = YES;
				DEVELOPMENT_TEAM = DDWF823A49;
				DYLIB_COMPATIBILITY_VERSION = 1;
				DYLIB_CURRENT_VERSION = 1;
				DYLIB_INSTALL_NAME_BASE = "@rpath";
				FRAMEWORK_SEARCH_PATHS = (
					"$(inherited)",
					"$(PROJECT_DIR)/Carthage/Build/iOS",
				);
				INFOPLIST_FILE = RxHTTPKit/Info.plist;
				INSTALL_PATH = "$(LOCAL_LIBRARY_DIR)/Frameworks";
				IPHONEOS_DEPLOYMENT_TARGET = 12.0;
				LD_RUNPATH_SEARCH_PATHS = (
					"$(inherited)",
					"@executable_path/Frameworks",
					"@loader_path/Frameworks",
				);
				PRODUCT_BUNDLE_IDENTIFIER = com.zevwings.RxHTTPKit;
				PRODUCT_NAME = "$(TARGET_NAME:c99extidentifier)";
				SKIP_INSTALL = YES;
				SWIFT_VERSION = 5.0;
				TARGETED_DEVICE_FAMILY = "1,2";
			};
			name = Release;
		};
		4D2C0DA1248E04F900D82944 /* Debug */ = {
			isa = XCBuildConfiguration;
			buildSettings = {
				ALWAYS_EMBED_SWIFT_STANDARD_LIBRARIES = YES;
				CODE_SIGN_STYLE = Automatic;
				DEVELOPMENT_TEAM = DDWF823A49;
				INFOPLIST_FILE = RxHTTPKitTests/Info.plist;
				IPHONEOS_DEPLOYMENT_TARGET = 13.5;
				LD_RUNPATH_SEARCH_PATHS = (
					"$(inherited)",
					"@executable_path/Frameworks",
					"@loader_path/Frameworks",
				);
				PRODUCT_BUNDLE_IDENTIFIER = com.zevwings.RxHTTPKitTests;
				PRODUCT_NAME = "$(TARGET_NAME)";
				SWIFT_VERSION = 5.0;
				TARGETED_DEVICE_FAMILY = "1,2";
			};
			name = Debug;
		};
		4D2C0DA2248E04F900D82944 /* Release */ = {
			isa = XCBuildConfiguration;
			buildSettings = {
				ALWAYS_EMBED_SWIFT_STANDARD_LIBRARIES = YES;
				CODE_SIGN_STYLE = Automatic;
				DEVELOPMENT_TEAM = DDWF823A49;
				INFOPLIST_FILE = RxHTTPKitTests/Info.plist;
				IPHONEOS_DEPLOYMENT_TARGET = 13.5;
				LD_RUNPATH_SEARCH_PATHS = (
					"$(inherited)",
					"@executable_path/Frameworks",
					"@loader_path/Frameworks",
				);
				PRODUCT_BUNDLE_IDENTIFIER = com.zevwings.RxHTTPKitTests;
				PRODUCT_NAME = "$(TARGET_NAME)";
				SWIFT_VERSION = 5.0;
				TARGETED_DEVICE_FAMILY = "1,2";
			};
			name = Release;
		};
		4D2C0DB2248E050E00D82944 /* Debug */ = {
			isa = XCBuildConfiguration;
			buildSettings = {
				ALWAYS_EMBED_SWIFT_STANDARD_LIBRARIES = YES;
				CODE_SIGN_STYLE = Automatic;
				DEVELOPMENT_TEAM = DDWF823A49;
				INFOPLIST_FILE = HTTPKitTests/Info.plist;
				IPHONEOS_DEPLOYMENT_TARGET = 13.5;
				LD_RUNPATH_SEARCH_PATHS = (
					"$(inherited)",
					"@executable_path/Frameworks",
					"@loader_path/Frameworks",
				);
				PRODUCT_BUNDLE_IDENTIFIER = com.zevwings.HTTPKitTests;
				PRODUCT_NAME = "$(TARGET_NAME)";
				SWIFT_VERSION = 5.0;
				TARGETED_DEVICE_FAMILY = "1,2";
			};
			name = Debug;
		};
		4D2C0DB3248E050E00D82944 /* Release */ = {
			isa = XCBuildConfiguration;
			buildSettings = {
				ALWAYS_EMBED_SWIFT_STANDARD_LIBRARIES = YES;
				CODE_SIGN_STYLE = Automatic;
				DEVELOPMENT_TEAM = DDWF823A49;
				INFOPLIST_FILE = HTTPKitTests/Info.plist;
				IPHONEOS_DEPLOYMENT_TARGET = 13.5;
				LD_RUNPATH_SEARCH_PATHS = (
					"$(inherited)",
					"@executable_path/Frameworks",
					"@loader_path/Frameworks",
				);
				PRODUCT_BUNDLE_IDENTIFIER = com.zevwings.HTTPKitTests;
				PRODUCT_NAME = "$(TARGET_NAME)";
				SWIFT_VERSION = 5.0;
				TARGETED_DEVICE_FAMILY = "1,2";
			};
			name = Release;
		};
		4DD229E523279D9C00F1303E /* Debug */ = {
			isa = XCBuildConfiguration;
			buildSettings = {
				ALWAYS_SEARCH_USER_PATHS = NO;
				CLANG_ANALYZER_NONNULL = YES;
				CLANG_ANALYZER_NUMBER_OBJECT_CONVERSION = YES_AGGRESSIVE;
				CLANG_CXX_LANGUAGE_STANDARD = "gnu++14";
				CLANG_CXX_LIBRARY = "libc++";
				CLANG_ENABLE_MODULES = YES;
				CLANG_ENABLE_OBJC_ARC = YES;
				CLANG_ENABLE_OBJC_WEAK = YES;
				CLANG_WARN_BLOCK_CAPTURE_AUTORELEASING = YES;
				CLANG_WARN_BOOL_CONVERSION = YES;
				CLANG_WARN_COMMA = YES;
				CLANG_WARN_CONSTANT_CONVERSION = YES;
				CLANG_WARN_DEPRECATED_OBJC_IMPLEMENTATIONS = YES;
				CLANG_WARN_DIRECT_OBJC_ISA_USAGE = YES_ERROR;
				CLANG_WARN_DOCUMENTATION_COMMENTS = YES;
				CLANG_WARN_EMPTY_BODY = YES;
				CLANG_WARN_ENUM_CONVERSION = YES;
				CLANG_WARN_INFINITE_RECURSION = YES;
				CLANG_WARN_INT_CONVERSION = YES;
				CLANG_WARN_NON_LITERAL_NULL_CONVERSION = YES;
				CLANG_WARN_OBJC_IMPLICIT_RETAIN_SELF = YES;
				CLANG_WARN_OBJC_LITERAL_CONVERSION = YES;
				CLANG_WARN_OBJC_ROOT_CLASS = YES_ERROR;
				CLANG_WARN_QUOTED_INCLUDE_IN_FRAMEWORK_HEADER = YES;
				CLANG_WARN_RANGE_LOOP_ANALYSIS = YES;
				CLANG_WARN_STRICT_PROTOTYPES = YES;
				CLANG_WARN_SUSPICIOUS_MOVE = YES;
				CLANG_WARN_UNGUARDED_AVAILABILITY = YES_AGGRESSIVE;
				CLANG_WARN_UNREACHABLE_CODE = YES;
				CLANG_WARN__DUPLICATE_METHOD_MATCH = YES;
				CODE_SIGN_IDENTITY = "iPhone Developer";
				COPY_PHASE_STRIP = NO;
				CURRENT_PROJECT_VERSION = 1;
				DEBUG_INFORMATION_FORMAT = dwarf;
				ENABLE_STRICT_OBJC_MSGSEND = YES;
				ENABLE_TESTABILITY = YES;
				GCC_C_LANGUAGE_STANDARD = gnu11;
				GCC_DYNAMIC_NO_PIC = NO;
				GCC_NO_COMMON_BLOCKS = YES;
				GCC_OPTIMIZATION_LEVEL = 0;
				GCC_PREPROCESSOR_DEFINITIONS = (
					"DEBUG=1",
					"$(inherited)",
				);
				GCC_WARN_64_TO_32_BIT_CONVERSION = YES;
				GCC_WARN_ABOUT_RETURN_TYPE = YES_ERROR;
				GCC_WARN_UNDECLARED_SELECTOR = YES;
				GCC_WARN_UNINITIALIZED_AUTOS = YES_AGGRESSIVE;
				GCC_WARN_UNUSED_FUNCTION = YES;
				GCC_WARN_UNUSED_VARIABLE = YES;
				IPHONEOS_DEPLOYMENT_TARGET = 12.4;
				MTL_ENABLE_DEBUG_INFO = INCLUDE_SOURCE;
				MTL_FAST_MATH = YES;
				ONLY_ACTIVE_ARCH = YES;
				SDKROOT = iphoneos;
				SWIFT_ACTIVE_COMPILATION_CONDITIONS = DEBUG;
				SWIFT_OPTIMIZATION_LEVEL = "-Onone";
				VERSIONING_SYSTEM = "apple-generic";
				VERSION_INFO_PREFIX = "";
			};
			name = Debug;
		};
		4DD229E623279D9C00F1303E /* Release */ = {
			isa = XCBuildConfiguration;
			buildSettings = {
				ALWAYS_SEARCH_USER_PATHS = NO;
				CLANG_ANALYZER_NONNULL = YES;
				CLANG_ANALYZER_NUMBER_OBJECT_CONVERSION = YES_AGGRESSIVE;
				CLANG_CXX_LANGUAGE_STANDARD = "gnu++14";
				CLANG_CXX_LIBRARY = "libc++";
				CLANG_ENABLE_MODULES = YES;
				CLANG_ENABLE_OBJC_ARC = YES;
				CLANG_ENABLE_OBJC_WEAK = YES;
				CLANG_WARN_BLOCK_CAPTURE_AUTORELEASING = YES;
				CLANG_WARN_BOOL_CONVERSION = YES;
				CLANG_WARN_COMMA = YES;
				CLANG_WARN_CONSTANT_CONVERSION = YES;
				CLANG_WARN_DEPRECATED_OBJC_IMPLEMENTATIONS = YES;
				CLANG_WARN_DIRECT_OBJC_ISA_USAGE = YES_ERROR;
				CLANG_WARN_DOCUMENTATION_COMMENTS = YES;
				CLANG_WARN_EMPTY_BODY = YES;
				CLANG_WARN_ENUM_CONVERSION = YES;
				CLANG_WARN_INFINITE_RECURSION = YES;
				CLANG_WARN_INT_CONVERSION = YES;
				CLANG_WARN_NON_LITERAL_NULL_CONVERSION = YES;
				CLANG_WARN_OBJC_IMPLICIT_RETAIN_SELF = YES;
				CLANG_WARN_OBJC_LITERAL_CONVERSION = YES;
				CLANG_WARN_OBJC_ROOT_CLASS = YES_ERROR;
				CLANG_WARN_QUOTED_INCLUDE_IN_FRAMEWORK_HEADER = YES;
				CLANG_WARN_RANGE_LOOP_ANALYSIS = YES;
				CLANG_WARN_STRICT_PROTOTYPES = YES;
				CLANG_WARN_SUSPICIOUS_MOVE = YES;
				CLANG_WARN_UNGUARDED_AVAILABILITY = YES_AGGRESSIVE;
				CLANG_WARN_UNREACHABLE_CODE = YES;
				CLANG_WARN__DUPLICATE_METHOD_MATCH = YES;
				CODE_SIGN_IDENTITY = "iPhone Developer";
				COPY_PHASE_STRIP = NO;
				CURRENT_PROJECT_VERSION = 1;
				DEBUG_INFORMATION_FORMAT = "dwarf-with-dsym";
				ENABLE_NS_ASSERTIONS = NO;
				ENABLE_STRICT_OBJC_MSGSEND = YES;
				GCC_C_LANGUAGE_STANDARD = gnu11;
				GCC_NO_COMMON_BLOCKS = YES;
				GCC_WARN_64_TO_32_BIT_CONVERSION = YES;
				GCC_WARN_ABOUT_RETURN_TYPE = YES_ERROR;
				GCC_WARN_UNDECLARED_SELECTOR = YES;
				GCC_WARN_UNINITIALIZED_AUTOS = YES_AGGRESSIVE;
				GCC_WARN_UNUSED_FUNCTION = YES;
				GCC_WARN_UNUSED_VARIABLE = YES;
				IPHONEOS_DEPLOYMENT_TARGET = 12.4;
				MTL_ENABLE_DEBUG_INFO = NO;
				MTL_FAST_MATH = YES;
				SDKROOT = iphoneos;
				SWIFT_COMPILATION_MODE = wholemodule;
				SWIFT_OPTIMIZATION_LEVEL = "-O";
				VALIDATE_PRODUCT = YES;
				VERSIONING_SYSTEM = "apple-generic";
				VERSION_INFO_PREFIX = "";
			};
			name = Release;
		};
		4DD229E823279D9C00F1303E /* Debug */ = {
			isa = XCBuildConfiguration;
			buildSettings = {
				CODE_SIGN_IDENTITY = "";
				CODE_SIGN_STYLE = Automatic;
				DEFINES_MODULE = YES;
				DEVELOPMENT_TEAM = DDWF823A49;
				DYLIB_COMPATIBILITY_VERSION = 1;
				DYLIB_CURRENT_VERSION = 1;
				DYLIB_INSTALL_NAME_BASE = "@rpath";
				FRAMEWORK_SEARCH_PATHS = (
					"$(inherited)",
					"$(PROJECT_DIR)/Carthage/Build/iOS",
				);
				INFOPLIST_FILE = HTTPKit/Info.plist;
				INSTALL_PATH = "$(LOCAL_LIBRARY_DIR)/Frameworks";
				IPHONEOS_DEPLOYMENT_TARGET = 12.0;
				LD_RUNPATH_SEARCH_PATHS = (
					"$(inherited)",
					"@executable_path/Frameworks",
					"@loader_path/Frameworks",
				);
				PRODUCT_BUNDLE_IDENTIFIER = com.zevwings.HTTPKit;
				PRODUCT_NAME = "$(TARGET_NAME:c99extidentifier)";
				SKIP_INSTALL = YES;
				SWIFT_VERSION = 5.0;
				TARGETED_DEVICE_FAMILY = "1,2";
			};
			name = Debug;
		};
		4DD229E923279D9C00F1303E /* Release */ = {
			isa = XCBuildConfiguration;
			buildSettings = {
				CODE_SIGN_IDENTITY = "";
				CODE_SIGN_STYLE = Automatic;
				DEFINES_MODULE = YES;
				DEVELOPMENT_TEAM = DDWF823A49;
				DYLIB_COMPATIBILITY_VERSION = 1;
				DYLIB_CURRENT_VERSION = 1;
				DYLIB_INSTALL_NAME_BASE = "@rpath";
				FRAMEWORK_SEARCH_PATHS = (
					"$(inherited)",
					"$(PROJECT_DIR)/Carthage/Build/iOS",
				);
				INFOPLIST_FILE = HTTPKit/Info.plist;
				INSTALL_PATH = "$(LOCAL_LIBRARY_DIR)/Frameworks";
				IPHONEOS_DEPLOYMENT_TARGET = 12.0;
				LD_RUNPATH_SEARCH_PATHS = (
					"$(inherited)",
					"@executable_path/Frameworks",
					"@loader_path/Frameworks",
				);
				PRODUCT_BUNDLE_IDENTIFIER = com.zevwings.HTTPKit;
				PRODUCT_NAME = "$(TARGET_NAME:c99extidentifier)";
				SKIP_INSTALL = YES;
				SWIFT_VERSION = 5.0;
				TARGETED_DEVICE_FAMILY = "1,2";
			};
			name = Release;
		};
/* End XCBuildConfiguration section */

/* Begin XCConfigurationList section */
		4D2C0DA3248E04F900D82944 /* Build configuration list for PBXNativeTarget "RxHTTPKit" */ = {
			isa = XCConfigurationList;
			buildConfigurations = (
				4D2C0D9F248E04F900D82944 /* Debug */,
				4D2C0DA0248E04F900D82944 /* Release */,
			);
			defaultConfigurationIsVisible = 0;
			defaultConfigurationName = Release;
		};
		4D2C0DA4248E04F900D82944 /* Build configuration list for PBXNativeTarget "RxHTTPKitTests" */ = {
			isa = XCConfigurationList;
			buildConfigurations = (
				4D2C0DA1248E04F900D82944 /* Debug */,
				4D2C0DA2248E04F900D82944 /* Release */,
			);
			defaultConfigurationIsVisible = 0;
			defaultConfigurationName = Release;
		};
		4D2C0DB1248E050E00D82944 /* Build configuration list for PBXNativeTarget "HTTPKitTests" */ = {
			isa = XCConfigurationList;
			buildConfigurations = (
				4D2C0DB2248E050E00D82944 /* Debug */,
				4D2C0DB3248E050E00D82944 /* Release */,
			);
			defaultConfigurationIsVisible = 0;
			defaultConfigurationName = Release;
		};
		4DD229CD23279D9C00F1303E /* Build configuration list for PBXProject "HTTPKit" */ = {
			isa = XCConfigurationList;
			buildConfigurations = (
				4DD229E523279D9C00F1303E /* Debug */,
				4DD229E623279D9C00F1303E /* Release */,
			);
			defaultConfigurationIsVisible = 0;
			defaultConfigurationName = Release;
		};
		4DD229E723279D9C00F1303E /* Build configuration list for PBXNativeTarget "HTTPKit" */ = {
			isa = XCConfigurationList;
			buildConfigurations = (
				4DD229E823279D9C00F1303E /* Debug */,
				4DD229E923279D9C00F1303E /* Release */,
			);
			defaultConfigurationIsVisible = 0;
			defaultConfigurationName = Release;
		};
/* End XCConfigurationList section */

/* Begin XCRemoteSwiftPackageReference section */
		4D3B503125417E970064B078 /* XCRemoteSwiftPackageReference "Alamofire" */ = {
			isa = XCRemoteSwiftPackageReference;
			repositoryURL = "https://github.com/Alamofire/Alamofire.git";
			requirement = {
				kind = upToNextMajorVersion;
				minimumVersion = 5.3.0;
			};
		};
		4D3B503A25417EEA0064B078 /* XCRemoteSwiftPackageReference "RxSwift" */ = {
			isa = XCRemoteSwiftPackageReference;
			repositoryURL = "https://github.com/ReactiveX/RxSwift.git";
			requirement = {
				kind = upToNextMajorVersion;
				minimumVersion = 5.1.1;
			};
		};
/* End XCRemoteSwiftPackageReference section */

/* Begin XCSwiftPackageProductDependency section */
		4D3B503225417E970064B078 /* Alamofire */ = {
			isa = XCSwiftPackageProductDependency;
			package = 4D3B503125417E970064B078 /* XCRemoteSwiftPackageReference "Alamofire" */;
			productName = Alamofire;
		};
		4D3B503B25417EEA0064B078 /* RxCocoa */ = {
			isa = XCSwiftPackageProductDependency;
			package = 4D3B503A25417EEA0064B078 /* XCRemoteSwiftPackageReference "RxSwift" */;
			productName = RxCocoa;
		};
		4D3B503D25417EEA0064B078 /* RxRelay */ = {
			isa = XCSwiftPackageProductDependency;
			package = 4D3B503A25417EEA0064B078 /* XCRemoteSwiftPackageReference "RxSwift" */;
			productName = RxRelay;
		};
		4D3B503F25417EEA0064B078 /* RxSwift */ = {
			isa = XCSwiftPackageProductDependency;
			package = 4D3B503A25417EEA0064B078 /* XCRemoteSwiftPackageReference "RxSwift" */;
			productName = RxSwift;
		};
/* End XCSwiftPackageProductDependency section */
	};
	rootObject = 4DD229CA23279D9C00F1303E /* Project object */;
}
